PODS:
  - Realm (3.13.0):
    - Realm/Headers (= 3.13.0)
  - Realm/Headers (3.13.0)
  - RealmSwift (3.13.0):
    - Realm (= 3.13.0)
  - SimpleRealm (0.1.0):
    - RealmSwift

DEPENDENCIES:
  - SimpleRealm (from `https://github.com/amrOmran89/SimpleRealm_iOS.git`)

SPEC REPOS:
  https://github.com/cocoapods/specs.git:
    - Realm
    - RealmSwift

EXTERNAL SOURCES:
  SimpleRealm:
    :git: https://github.com/amrOmran89/SimpleRealm_iOS.git

CHECKOUT OPTIONS:
  SimpleRealm:
    :commit: 0b3e88c62a9753da4821ac3b4db30895192b2b0a
    :git: https://github.com/amrOmran89/SimpleRealm_iOS.git

SPEC CHECKSUMS:
  Realm: 5edd2ee65406aef591a4f9895de5a3440e51b3d8
  RealmSwift: be5ebc7930e37cd3376b41cec7f21984528aaa16
  SimpleRealm: c8d34de7032e1e2ffa363eb99afbb172be2314e8

PODFILE CHECKSUM: 9850dc3cffc151f12cd4cd95707a53a870139b2f

COCOAPODS: 1.6.0.beta.2
